<Solution>
  <Folder Name="/Task0/">
    <Project Path="Tyuiu.BliznetsVG.Sprint0.Task0.V0/Tyuiu.BliznetsVG.Sprint0.Task0.V0.csproj" Id="d85e0e29-e586-4b3f-affb-165117147ecb" />
  </Folder>
  <Folder Name="/Task1/">
    <Project Path="Tyuiu.BliznetsVG.Sprint0.Task1.V0/Tyuiu.BliznetsVG.Sprint0.Task1.V0.csproj" Id="fb5324e7-dc73-429a-8457-2acc14d7b59b" />
  </Folder>
</Solution>
