<Solution>
  <Folder Name="/Task0/">
    <Project Path="Tyuiu.BliznetsVG.Sprint0.Task0.V0/Tyuiu.BliznetsVG.Sprint0.Task0.V0.csproj" Id="d85e0e29-e586-4b3f-affb-165117147ecb" />
  </Folder>
  <Folder Name="/Task1/">
    <Project Path="Tyuiu.BliznetsVG.Sprint0.Task1.V0/Tyuiu.BliznetsVG.Sprint0.Task1.V0.csproj" Id="fb5324e7-dc73-429a-8457-2acc14d7b59b" />
  </Folder>
  <Folder Name="/Task2/">
    <Project Path="Tyuiu.BliznetsVG.Script0.V0.Lib/Tyuiu.BliznetsVG.Sprint0.Task2.V0.Lib.csproj" Id="060d8c3e-b1db-4d53-8564-3c97ff132e87" />
    <Project Path="Tyuiu.BliznetsVG.Sprint0.Task2.V0.Test/Tyuiu.BliznetsVG.Sprint0.Task2.V0.Test.csproj" Id="15a708ca-e3d5-43ab-ae13-a26df677f1a4" />
    <Project Path="Tyuiu.BliznetsVG.Sprint0.Task2.V0/Tyuiu.BliznetsVG.Sprint0.Task2.V0.csproj" Id="8b6eab78-bc54-4f25-92d4-d85744343f5d" />
  </Folder>
  <Folder Name="/Task3/">
    <Project Path="Tyuiu.BliznetsVG.Sprint0.Task3.V0.Lib/Tyuiu.BliznetsVG.Sprint0.Task3.V0.Lib.csproj" Id="9017329b-874c-47c6-a919-8d0abe43edad" />
    <Project Path="Tyuiu.BliznetsVG.Sprint0.Task3.V0.Test/Tyuiu.BliznetsVG.Sprint0.Task3.V0.Test.csproj" Id="ef958754-dbd6-4351-8d8c-4ee9a6bc356a" />
    <Project Path="Tyuiu.BliznetsVG.Sprint0.Task3.V0/Tyuiu.BliznetsVG.Sprint0.Task3.V0.csproj" Id="48bbd281-c8de-4ca1-8a49-b91f2982e5c2" />
  </Folder>
  <Folder Name="/Task4/">
    <Project Path="Tyuiu.BliznetsVG.Sprint0.Task4.V0.Lib/Tyuiu.BliznetsVG.Sprint0.Task4.V0.Lib.csproj" Id="f46f1377-543a-4537-a65b-eb8553ea2f08" />
    <Project Path="Tyuiu.BliznetsVG.Sprint0.Task4.V0.Test/Tyuiu.BliznetsVG.Sprint0.Task4.V0.Test.csproj" Id="b44ca45f-fd37-4d6c-a04a-e8947596c854" />
    <Project Path="Tyuiu.BliznetsVG.Sprint0.Task4.V0/Tyuiu.BliznetsVG.Sprint0.Task4.V0.csproj" Id="88d5edba-4a7a-4ade-95cd-cac1126258e9" />
  </Folder>
  <Folder Name="/Task5/">
    <Project Path="Tyuiu.BliznetsVG.Sprint0.Task5.V0.Lib/Tyuiu.BliznetsVG.Sprint0.Task5.V0.Lib.csproj" Id="f6dbff67-a4d3-43cd-b43d-16246ec87837" />
    <Project Path="Tyuiu.BliznetsVG.Sprint0.Task5.V0.Test/Tyuiu.BliznetsVG.Sprint0.Task5.V0.Test.csproj" Id="596991ba-8043-4471-aaa6-7b06d56d7e9a" />
    <Project Path="Tyuiu.BliznetsVG.Sprint0.Task5.V0/Tyuiu.BliznetsVG.Sprint0.Task5.V0.csproj" Id="e5b3ea84-8c34-4dba-950a-6a8eaf1f1398" />
  </Folder>
  <Folder Name="/Task6/">
    <Project Path="Tyuiu.BliznetsVG.Sprint0.Task6.V0.Lib/Tyuiu.BliznetsVG.Sprint0.Task6.V0.Lib.csproj" Id="18b92971-227f-4e48-9d78-642f90cfdb80" />
    <Project Path="Tyuiu.BliznetsVG.Sprint0.Task6.V0.Test/Tyuiu.BliznetsVG.Sprint0.Task6.V0.Test.csproj" Id="5eb8033c-c7e9-4cec-9336-b8ab8abe1ace" />
    <Project Path="Tyuiu.BliznetsVG.Sprint0.Task6.V0/Tyuiu.BliznetsVG.Sprint0.Task6.V0.csproj" Id="859a1602-27ab-49bd-92ee-85ed5d7587eb" />
  </Folder>
  <Folder Name="/Task7/">
    <Project Path="Tyuiu.BliznetsVG.Sprint0.Task7.V0.Lib/Tyuiu.BliznetsVG.Sprint0.Task7.V0.Lib.csproj" Id="65884102-009e-441a-a3d6-1889567e64cb" />
    <Project Path="Tyuiu.BliznetsVG.Sprint0.Task7.V0.Test/Tyuiu.BliznetsVG.Sprint0.Task7.V0.Test.csproj" Id="8d086836-21e5-48f2-8fe2-26c52cbe772b" />
    <Project Path="Tyuiu.BliznetsVG.Sprint0.Task7.V0/Tyuiu.BliznetsVG.Sprint0.Task7.V0.csproj" Id="7fd3bc81-11cf-4fdd-ba73-6dcb5a80836f" />
  </Folder>
</Solution>
